// !$*UTF8*$!
{
	archiveVersion = 1;
	classes = {
	};
	objectVersion = 46;
	objects = {

/* Begin PBXBuildFile section */
		2C05D74A1B7367C800BF505A /* AppDelegate.m in Sources */ = {isa = PBXBuildFile; fileRef = 2C05D7491B7367C800BF505A /* AppDelegate.m */; };
		2C05D74C1B7367C800BF505A /* main.m in Sources */ = {isa = PBXBuildFile; fileRef = 2C05D74B1B7367C800BF505A /* main.m */; };
		2C05D74F1B7367C800BF505A /* ViewController.m in Sources */ = {isa = PBXBuildFile; fileRef = 2C05D74E1B7367C800BF505A /* ViewController.m */; };
		2C05D7511B7367C800BF505A /* Images.xcassets in Resources */ = {isa = PBXBuildFile; fileRef = 2C05D7501B7367C800BF505A /* Images.xcassets */; };
		2C05D7541B7367C800BF505A /* Main.storyboard in Resources */ = {isa = PBXBuildFile; fileRef = 2C05D7521B7367C800BF505A /* Main.storyboard */; };
		2C05D7601B7367C900BF505A /* Facebook_hackTests.m in Sources */ = {isa = PBXBuildFile; fileRef = 2C05D75F1B7367C900BF505A /* Facebook_hackTests.m */; };
/* End PBXBuildFile section */

/* Begin PBXContainerItemProxy section */
		2C05D75A1B7367C900BF505A /* PBXContainerItemProxy */ = {
			isa = PBXContainerItemProxy;
			containerPortal = 2C05D73B1B7367C800BF505A /* Project object */;
			proxyType = 1;
			remoteGlobalIDString = 2C05D7421B7367C800BF505A;
			remoteInfo = "Facebook hack";
		};
/* End PBXContainerItemProxy section */

/* Begin PBXFileReference section */
		2C05D7431B7367C800BF505A /* Facebook hack.app */ = {isa = PBXFileReference; explicitFileType = wrapper.application; includeInIndex = 0; path = "Facebook hack.app"; sourceTree = BUILT_PRODUCTS_DIR; };
		2C05D7471B7367C800BF505A /* Info.plist */ = {isa = PBXFileReference; lastKnownFileType = text.plist.xml; path = Info.plist; sourceTree = "<group>"; };
		2C05D7481B7367C800BF505A /* AppDelegate.h */ = {isa = PBXFileReference; lastKnownFileType = sourcecode.c.h; path = AppDelegate.h; sourceTree = "<group>"; };
		2C05D7491B7367C800BF505A /* AppDelegate.m */ = {isa = PBXFileReference; lastKnownFileType = sourcecode.c.objc; path = AppDelegate.m; sourceTree = "<group>"; };
		2C05D74B1B7367C800BF505A /* main.m */ = {isa = PBXFileReference; lastKnownFileType = sourcecode.c.objc; path = main.m; sourceTree = "<group>"; };
		2C05D74D1B7367C800BF505A /* ViewController.h */ = {isa = PBXFileReference; lastKnownFileType = sourcecode.c.h; path = ViewController.h; sourceTree = "<group>"; };
		2C05D74E1B7367C800BF505A /* ViewController.m */ = {isa = PBXFileReference; lastKnownFileType = sourcecode.c.objc; path = ViewController.m; sourceTree = "<group>"; };
		2C05D7501B7367C800BF505A /* Images.xcassets */ = {isa = PBXFileReference; lastKnownFileType = folder.assetcatalog; path = Images.xcassets; sourceTree = "<group>"; };
		2C05D7531B7367C800BF505A /* Base */ = {isa = PBXFileReference; lastKnownFileType = file.storyboard; name = Base; path = Base.lproj/Main.storyboard; sourceTree = "<group>"; };
		2C05D7591B7367C900BF505A /* Facebook hackTests.xctest */ = {isa = PBXFileReference; explicitFileType = wrapper.cfbundle; includeInIndex = 0; path = "Facebook hackTests.xctest"; sourceTree = BUILT_PRODUCTS_DIR; };
		2C05D75E1B7367C900BF505A /* Info.plist */ = {isa = PBXFileReference; lastKnownFileType = text.plist.xml; path = Info.plist; sourceTree = "<group>"; };
		2C05D75F1B7367C900BF505A /* Facebook_hackTests.m */ = {isa = PBXFileReference; lastKnownFileType = sourcecode.c.objc; path = Facebook_hackTests.m; sourceTree = "<group>"; };
/* End PBXFileReference section */

/* Begin PBXFrameworksBuildPhase section */
		2C05D7401B7367C800BF505A /* Frameworks */ = {
			isa = PBXFrameworksBuildPhase;
			buildActionMask = 2147483647;
			files = (
			);
			runOnlyForDeploymentPostprocessing = 0;
		};
		2C05D7561B7367C900BF505A /* Frameworks */ = {
			isa = PBXFrameworksBuildPhase;
			buildActionMask = 2147483647;
			files = (
			);
			runOnlyForDeploymentPostprocessing = 0;
		};
/* End PBXFrameworksBuildPhase section */

/* Begin PBXGroup section */
		2C05D73A1B7367C800BF505A = {
			isa = PBXGroup;
			children = (
				2C05D7451B7367C800BF505A /* Facebook hack */,
				2C05D75C1B7367C900BF505A /* Facebook hackTests */,
				2C05D7441B7367C800BF505A /* Products */,
			);
			sourceTree = "<group>";
		};
		2C05D7441B7367C800BF505A /* Products */ = {
			isa = PBXGroup;
			children = (
				2C05D7431B7367C800BF505A /* Facebook hack.app */,
				2C05D7591B7367C900BF505A /* Facebook hackTests.xctest */,
			);
			name = Products;
			sourceTree = "<group>";
		};
		2C05D7451B7367C800BF505A /* Facebook hack */ = {
			isa = PBXGroup;
			children = (
				2C05D7481B7367C800BF505A /* AppDelegate.h */,
				2C05D7491B7367C800BF505A /* AppDelegate.m */,
				2C05D74D1B7367C800BF505A /* ViewController.h */,
				2C05D74E1B7367C800BF505A /* ViewController.m */,
				2C05D7501B7367C800BF505A /* Images.xcassets */,
				2C05D7521B7367C800BF505A /* Main.storyboard */,
				2C05D7461B7367C800BF505A /* Supporting Files */,
			);
			path = "Facebook hack";
			sourceTree = "<group>";
		};
		2C05D7461B7367C800BF505A /* Supporting Files */ = {
			isa = PBXGroup;
			children = (
				2C05D7471B7367C800BF505A /* Info.plist */,
				2C05D74B1B7367C800BF505A /* main.m */,
			);
			name = "Supporting Files";
			sourceTree = "<group>";
		};
		2C05D75C1B7367C900BF505A /* Facebook hackTests */ = {
			isa = PBXGroup;
			children = (
				2C05D75F1B7367C900BF505A /* Facebook_hackTests.m */,
				2C05D75D1B7367C900BF505A /* Supporting Files */,
			);
			path = "Facebook hackTests";
			sourceTree = "<group>";
		};
		2C05D75D1B7367C900BF505A /* Supporting Files */ = {
			isa = PBXGroup;
			children = (
				2C05D75E1B7367C900BF505A /* Info.plist */,
			);
			name = "Supporting Files";
			sourceTree = "<group>";
		};
/* End PBXGroup section */

/* Begin PBXNativeTarget section */
		2C05D7421B7367C800BF505A /* Facebook hack */ = {
			isa = PBXNativeTarget;
			buildConfigurationList = 2C05D7631B7367C900BF505A /* Build configuration list for PBXNativeTarget "Facebook hack" */;
			buildPhases = (
				2C05D73F1B7367C800BF505A /* Sources */,
				2C05D7401B7367C800BF505A /* Frameworks */,
				2C05D7411B7367C800BF505A /* Resources */,
			);
			buildRules = (
			);
			dependencies = (
			);
			name = "Facebook hack";
			productName = "Facebook hack";
			productReference = 2C05D7431B7367C800BF505A /* Facebook hack.app */;
			productType = "com.apple.product-type.application";
		};
		2C05D7581B7367C900BF505A /* Facebook hackTests */ = {
			isa = PBXNativeTarget;
			buildConfigurationList = 2C05D7661B7367C900BF505A /* Build configuration list for PBXNativeTarget "Facebook hackTests" */;
			buildPhases = (
				2C05D7551B7367C900BF505A /* Sources */,
				2C05D7561B7367C900BF505A /* Frameworks */,
				2C05D7571B7367C900BF505A /* Resources */,
			);
			buildRules = (
			);
			dependencies = (
				2C05D75B1B7367C900BF505A /* PBXTargetDependency */,
			);
			name = "Facebook hackTests";
			productName = "Facebook hackTests";
			productReference = 2C05D7591B7367C900BF505A /* Facebook hackTests.xctest */;
			productType = "com.apple.product-type.bundle.unit-test";
		};
/* End PBXNativeTarget section */

/* Begin PBXProject section */
		2C05D73B1B7367C800BF505A /* Project object */ = {
			isa = PBXProject;
			attributes = {
				LastUpgradeCheck = 0640;
				ORGANIZATIONNAME = com.facebook.hack;
				TargetAttributes = {
					2C05D7421B7367C800BF505A = {
						CreatedOnToolsVersion = 6.4;
					};
					2C05D7581B7367C900BF505A = {
						CreatedOnToolsVersion = 6.4;
						TestTargetID = 2C05D7421B7367C800BF505A;
					};
				};
			};
			buildConfigurationList = 2C05D73E1B7367C800BF505A /* Build configuration list for PBXProject "Facebook hack" */;
			compatibilityVersion = "Xcode 3.2";
			developmentRegion = English;
			hasScannedForEncodings = 0;
			knownRegions = (
				en,
				Base,
			);
			mainGroup = 2C05D73A1B7367C800BF505A;
			productRefGroup = 2C05D7441B7367C800BF505A /* Products */;
			projectDirPath = "";
			projectRoot = "";
			targets = (
				2C05D7421B7367C800BF505A /* Facebook hack */,
				2C05D7581B7367C900BF505A /* Facebook hackTests */,
			);
		};
/* End PBXProject section */

/* Begin PBXResourcesBuildPhase section */
		2C05D7411B7367C800BF505A /* Resources */ = {
			isa = PBXResourcesBuildPhase;
			buildActionMask = 2147483647;
			files = (
				2C05D7511B7367C800BF505A /* Images.xcassets in Resources */,
				2C05D7541B7367C800BF505A /* Main.storyboard in Resources */,
			);
			runOnlyForDeploymentPostprocessing = 0;
		};
		2C05D7571B7367C900BF505A /* Resources */ = {
			isa = PBXResourcesBuildPhase;
			buildActionMask = 2147483647;
			files = (
			);
			runOnlyForDeploymentPostprocessing = 0;
		};
/* End PBXResourcesBuildPhase section */

/* Begin PBXSourcesBuildPhase section */
		2C05D73F1B7367C800BF505A /* Sources */ = {
			isa = PBXSourcesBuildPhase;
			buildActionMask = 2147483647;
			files = (
				2C05D74F1B7367C800BF505A /* ViewController.m in Sources */,
				2C05D74C1B7367C800BF505A /* main.m in Sources */,
				2C05D74A1B7367C800BF505A /* AppDelegate.m in Sources */,
			);
			runOnlyForDeploymentPostprocessing = 0;
		};
		2C05D7551B7367C900BF505A /* Sources */ = {
			isa = PBXSourcesBuildPhase;
			buildActionMask = 2147483647;
			files = (
				2C05D7601B7367C900BF505A /* Facebook_hackTests.m in Sources */,
			);
			runOnlyForDeploymentPostprocessing = 0;
		};
/* End PBXSourcesBuildPhase section */

/* Begin PBXTargetDependency section */
		2C05D75B1B7367C900BF505A /* PBXTargetDependency */ = {
			isa = PBXTargetDependency;
			target = 2C05D7421B7367C800BF505A /* Facebook hack */;
			targetProxy = 2C05D75A1B7367C900BF505A /* PBXContainerItemProxy */;
		};
/* End PBXTargetDependency section */

/* Begin PBXVariantGroup section */
		2C05D7521B7367C800BF505A /* Main.storyboard */ = {
			isa = PBXVariantGroup;
			children = (
				2C05D7531B7367C800BF505A /* Base */,
			);
			name = Main.storyboard;
			sourceTree = "<group>";
		};
/* End PBXVariantGroup section */

/* Begin XCBuildConfiguration section */
		2C05D7611B7367C900BF505A /* Debug */ = {
			isa = XCBuildConfiguration;
			buildSettings = {
				ALWAYS_SEARCH_USER_PATHS = NO;
				CLANG_CXX_LANGUAGE_STANDARD = "gnu++0x";
				CLANG_CXX_LIBRARY = "libc++";
				CLANG_ENABLE_MODULES = YES;
				CLANG_ENABLE_OBJC_ARC = YES;
				CLANG_WARN_BOOL_CONVERSION = YES;
				CLANG_WARN_CONSTANT_CONVERSION = YES;
				CLANG_WARN_DIRECT_OBJC_ISA_USAGE = YES_ERROR;
				CLANG_WARN_EMPTY_BODY = YES;
				CLANG_WARN_ENUM_CONVERSION = YES;
				CLANG_WARN_INT_CONVERSION = YES;
				CLANG_WARN_OBJC_ROOT_CLASS = YES_ERROR;
				CLANG_WARN_UNREACHABLE_CODE = YES;
				CLANG_WARN__DUPLICATE_METHOD_MATCH = YES;
				CODE_SIGN_IDENTITY = "-";
				COPY_PHASE_STRIP = NO;
				DEBUG_INFORMATION_FORMAT = dwarf;
				ENABLE_STRICT_OBJC_MSGSEND = YES;
				GCC_C_LANGUAGE_STANDARD = gnu99;
				GCC_DYNAMIC_NO_PIC = NO;
				GCC_NO_COMMON_BLOCKS = YES;
				GCC_OPTIMIZATION_LEVEL = 0;
				GCC_PREPROCESSOR_DEFINITIONS = (
					"DEBUG=1",
					"$(inherited)",
				);
				GCC_SYMBOLS_PRIVATE_EXTERN = NO;
				GCC_WARN_64_TO_32_BIT_CONVERSION = YES;
				GCC_WARN_ABOUT_RETURN_TYPE = YES_ERROR;
				GCC_WARN_UNDECLARED_SELECTOR = YES;
				GCC_WARN_UNINITIALIZED_AUTOS = YES_AGGRESSIVE;
				GCC_WARN_UNUSED_FUNCTION = YES;
				GCC_WARN_UNUSED_VARIABLE = YES;
				MACOSX_DEPLOYMENT_TARGET = 10.10;
				MTL_ENABLE_DEBUG_INFO = YES;
				ONLY_ACTIVE_ARCH = YES;
				SDKROOT = macosx;
			};
			name = Debug;
		};
		2C05D7621B7367C900BF505A /* Release */ = {
			isa = XCBuildConfiguration;
			buildSettings = {
				ALWAYS_SEARCH_USER_PATHS = NO;
				CLANG_CXX_LANGUAGE_STANDARD = "gnu++0x";
				CLANG_CXX_LIBRARY = "libc++";
				CLANG_ENABLE_MODULES = YES;
				CLANG_ENABLE_OBJC_ARC = YES;
				CLANG_WARN_BOOL_CONVERSION = YES;
				CLANG_WARN_CONSTANT_CONVERSION = YES;
				CLANG_WARN_DIRECT_OBJC_ISA_USAGE = YES_ERROR;
				CLANG_WARN_EMPTY_BODY = YES;
				CLANG_WARN_ENUM_CONVERSION = YES;
				CLANG_WARN_INT_CONVERSION = YES;
				CLANG_WARN_OBJC_ROOT_CLASS = YES_ERROR;
				CLANG_WARN_UNREACHABLE_CODE = YES;
				CLANG_WARN__DUPLICATE_METHOD_MATCH = YES;
				CODE_SIGN_IDENTITY = "-";
				COPY_PHASE_STRIP = NO;
				DEBUG_INFORMATION_FORMAT = "dwarf-with-dsym";
				ENABLE_NS_ASSERTIONS = NO;
				ENABLE_STRICT_OBJC_MSGSEND = YES;
				GCC_C_LANGUAGE_STANDARD = gnu99;
				GCC_NO_COMMON_BLOCKS = YES;
				GCC_WARN_64_TO_32_BIT_CONVERSION = YES;
				GCC_WARN_ABOUT_RETURN_TYPE = YES_ERROR;
				GCC_WARN_UNDECLARED_SELECTOR = YES;
				GCC_WARN_UNINITIALIZED_AUTOS = YES_AGGRESSIVE;
				GCC_WARN_UNUSED_FUNCTION = YES;
				GCC_WARN_UNUSED_VARIABLE = YES;
				MACOSX_DEPLOYMENT_TARGET = 10.10;
				MTL_ENABLE_DEBUG_INFO = NO;
				SDKROOT = macosx;
			};
			name = Release;
		};
		2C05D7641B7367C900BF505A /* Debug */ = {
			isa = XCBuildConfiguration;
			buildSettings = {
				ASSETCATALOG_COMPILER_APPICON_NAME = AppIcon;
				COMBINE_HIDPI_IMAGES = YES;
				INFOPLIST_FILE = "Facebook hack/Info.plist";
				LD_RUNPATH_SEARCH_PATHS = "$(inherited) @executable_path/../Frameworks";
				PRODUCT_NAME = "$(TARGET_NAME)";
			};
			name = Debug;
		};
		2C05D7651B7367C900BF505A /* Release */ = {
			isa = XCBuildConfiguration;
			buildSettings = {
				ASSETCATALOG_COMPILER_APPICON_NAME = AppIcon;
				COMBINE_HIDPI_IMAGES = YES;
				INFOPLIST_FILE = "Facebook hack/Info.plist";
				LD_RUNPATH_SEARCH_PATHS = "$(inherited) @executable_path/../Frameworks";
				PRODUCT_NAME = "$(TARGET_NAME)";
			};
			name = Release;
		};
		2C05D7671B7367C900BF505A /* Debug */ = {
			isa = XCBuildConfiguration;
			buildSettings = {
				BUNDLE_LOADER = "$(TEST_HOST)";
				COMBINE_HIDPI_IMAGES = YES;
				FRAMEWORK_SEARCH_PATHS = (
					"$(DEVELOPER_FRAMEWORKS_DIR)",
					"$(inherited)",
				);
				GCC_PREPROCESSOR_DEFINITIONS = (
					"DEBUG=1",
					"$(inherited)",
				);
				INFOPLIST_FILE = "Facebook hackTests/Info.plist";
				LD_RUNPATH_SEARCH_PATHS = "$(inherited) @executable_path/../Frameworks @loader_path/../Frameworks";
				PRODUCT_NAME = "$(TARGET_NAME)";
				TEST_HOST = "$(BUILT_PRODUCTS_DIR)/Facebook hack.app/Contents/MacOS/Facebook hack";
			};
			name = Debug;
		};
		2C05D7681B7367C900BF505A /* Release */ = {
			isa = XCBuildConfiguration;
			buildSettings = {
				BUNDLE_LOADER = "$(TEST_HOST)";
				COMBINE_HIDPI_IMAGES = YES;
				FRAMEWORK_SEARCH_PATHS = (
					"$(DEVELOPER_FRAMEWORKS_DIR)",
					"$(inherited)",
				);
				INFOPLIST_FILE = "Facebook hackTests/Info.plist";
				LD_RUNPATH_SEARCH_PATHS = "$(inherited) @executable_path/../Frameworks @loader_path/../Frameworks";
				PRODUCT_NAME = "$(TARGET_NAME)";
				TEST_HOST = "$(BUILT_PRODUCTS_DIR)/Facebook hack.app/Contents/MacOS/Facebook hack";
			};
			name = Release;
		};
/* End XCBuildConfiguration section */

/* Begin XCConfigurationList section */
		2C05D73E1B7367C800BF505A /* Build configuration list for PBXProject "Facebook hack" */ = {
			isa = XCConfigurationList;
			buildConfigurations = (
				2C05D7611B7367C900BF505A /* Debug */,
				2C05D7621B7367C900BF505A /* Release */,
			);
			defaultConfigurationIsVisible = 0;
			defaultConfigurationName = Release;
		};
		2C05D7631B7367C900BF505A /* Build configuration list for PBXNativeTarget "Facebook hack" */ = {
			isa = XCConfigurationList;
			buildConfigurations = (
				2C05D7641B7367C900BF505A /* Debug */,
				2C05D7651B7367C900BF505A /* Release */,
			);
			defaultConfigurationIsVisible = 0;
		};
		2C05D7661B7367C900BF505A /* Build configuration list for PBXNativeTarget "Facebook hackTests" */ = {
			isa = XCConfigurationList;
			buildConfigurations = (
				2C05D7671B7367C900BF505A /* Debug */,
				2C05D7681B7367C900BF505A /* Release */,
			);
			defaultConfigurationIsVisible = 0;
		};
/* End XCConfigurationList section */
	};
	rootObject = 2C05D73B1B7367C800BF505A /* Project object */;
}
